Microsoft Visual Studio Solution File, Format Version 12.00
# Visual Studio Version 17
VisualStudioVersion = 17.13.35919.96
MinimumVisualStudioVersion = 10.0.40219.1
Project("{FAE04EC0-301F-11D3-BF4B-00C04F79EFBC}") = "EBookTemplate", "EBookTemplate\EBookTemplate.csproj", "{BA6CD1B3-AB74-4127-A959-3FF6C1797561}"
EndProject
Global
	GlobalSection(SolutionConfigurationPlatforms) = preSolution
		Debug|Any CPU = Debug|Any CPU
		Release|Any CPU = Release|Any CPU
	EndGlobalSection
	GlobalSection(ProjectConfigurationPlatforms) = postSolution
		{BA6CD1B3-AB74-4127-A959-3FF6C1797561}.Debug|Any CPU.ActiveCfg = Debug|Any CPU
		{BA6CD1B3-AB74-4127-A959-3FF6C1797561}.Debug|Any CPU.Build.0 = Debug|Any CPU
		{BA6CD1B3-AB74-4127-A959-3FF6C1797561}.Release|Any CPU.ActiveCfg = Release|Any CPU
		{BA6CD1B3-AB74-4127-A959-3FF6C1797561}.Release|Any CPU.Build.0 = Release|Any CPU
	EndGlobalSection
	GlobalSection(SolutionProperties) = preSolution
		HideSolutionNode = FALSE
	EndGlobalSection
	GlobalSection(ExtensibilityGlobals) = postSolution
		SolutionGuid = {89D50855-4695-4F91-9781-F273C25A0312}
	EndGlobalSection
EndGlobal
